
Microsoft Visual Studio Solution File, Format Version 12.00
Project("{FAE04EC0-301F-11D3-BF4B-00C04F79EFBC}") = "igdb-api", "src\igdb-api\igdb-api.csproj", "{F5D34B0B-685C-4B41-BF4B-9CB6A454B258}"
EndProject
Project("{2150E333-8FDC-42A3-9474-1A3956D46DE8}") = "Scripts", "Scripts", "{837D9A05-F6D4-479F-95B9-76AC43061B64}"
	ProjectSection(SolutionItems) = preProject
		scripts\security-scan.ps1 = scripts\security-scan.ps1
		scripts\View.sql = scripts\View.sql
	EndProjectSection
EndProject
Project("{FAE04EC0-301F-11D3-BF4B-00C04F79EFBC}") = "aspire-app-host", "configuration\aspire\aspire-app-host\aspire-app-host.csproj", "{78E9B93A-1701-4823-881C-0C59BE2F3565}"
EndProject
Project("{FAE04EC0-301F-11D3-BF4B-00C04F79EFBC}") = "games-api", "src\games-api\games-api.csproj", "{43AD5156-16BF-4E11-AE32-8C7825C30CBB}"
EndProject
Project("{2150E333-8FDC-42A3-9474-1A3956D46DE8}") = "Aspire", "Aspire", "{11335216-C013-42B0-98E4-C62F121F2182}"
EndProject
Project("{FAE04EC0-301F-11D3-BF4B-00C04F79EFBC}") = "aspire-service-defaults", "configuration\aspire\aspire-service-defaults\aspire-service-defaults.csproj", "{68E60424-3458-42F8-8B5E-BE8D2F225758}"
EndProject
Project("{2150E333-8FDC-42A3-9474-1A3956D46DE8}") = "Infrastructure", "Infrastructure", "{0C960153-EFE1-4737-92FE-5E91A47393C5}"
EndProject
Project("{FAE04EC0-301F-11D3-BF4B-00C04F79EFBC}") = "api-gateway", "src\api-gateway\api-gateway.csproj", "{6F57B1F6-8B95-42DF-8C62-8E29CB06C550}"
EndProject
Project("{2150E333-8FDC-42A3-9474-1A3956D46DE8}") = "Application", "Application", "{1AD55C0B-FB12-4353-A997-A7BFF8C7D5F5}"
EndProject
Project("{FAE04EC0-301F-11D3-BF4B-00C04F79EFBC}") = "authentication", "src\authentication\authentication.csproj", "{6A858D33-A38E-4988-847C-F513754A73B9}"
EndProject
Project("{2150E333-8FDC-42A3-9474-1A3956D46DE8}") = "Games", "Games", "{6FCFBA11-EBCF-4D89-A60F-F7091E2FD731}"
EndProject
Project("{FAE04EC0-301F-11D3-BF4B-00C04F79EFBC}") = "games-application", "src\games-application\games-application.csproj", "{79E0990E-4EC3-4227-923A-7F840E39C7B6}"
EndProject
Project("{FAE04EC0-301F-11D3-BF4B-00C04F79EFBC}") = "games.domain", "src\games.domain\games.domain.csproj", "{645CB5EB-7466-4D6E-B856-B98EC7C9D58A}"
EndProject
Project("{FAE04EC0-301F-11D3-BF4B-00C04F79EFBC}") = "games.infrastructure", "src\games.infrastructure\games.infrastructure.csproj", "{A9348DFC-D720-4D4E-ADB5-B40EF42EF27C}"
EndProject
Project("{FAE04EC0-301F-11D3-BF4B-00C04F79EFBC}") = "shared-kernel", "src\shared-kernel\shared-kernel.csproj", "{D7B5FAE2-179D-447F-894F-AB7F97777689}"
EndProject
Project("{2150E333-8FDC-42A3-9474-1A3956D46DE8}") = "Igdb", "Igdb", "{18172F37-8055-4209-BCB5-C71ED48CA0B5}"
EndProject
Project("{FAE04EC0-301F-11D3-BF4B-00C04F79EFBC}") = "igdb-application", "src\igdb-application\igdb-application.csproj", "{91F188BC-E65E-4676-B876-E5DC26E6E1E9}"
EndProject
Project("{FAE04EC0-301F-11D3-BF4B-00C04F79EFBC}") = "igdb-domain", "src\igdb-domain\igdb-domain.csproj", "{4FA3F536-765B-4437-80CE-17326D9B0812}"
EndProject
Project("{FAE04EC0-301F-11D3-BF4B-00C04F79EFBC}") = "igdb-infrastructure", "src\igdb-infrastructure\igdb-infrastructure.csproj", "{D405AB56-F7BA-491F-9ECE-502C9800E9EC}"
EndProject
Project("{FAE04EC0-301F-11D3-BF4B-00C04F79EFBC}") = "igdb-infrastructure-api", "src\igdb-infrastructure-api\igdb-infrastructure-api.csproj", "{D46A35D4-B555-4486-AE0D-2F7228A482AD}"
EndProject
Global
	GlobalSection(SolutionConfigurationPlatforms) = preSolution
		Debug|Any CPU = Debug|Any CPU
		Debug|x64 = Debug|x64
		Debug|x86 = Debug|x86
		Release|Any CPU = Release|Any CPU
		Release|x64 = Release|x64
		Release|x86 = Release|x86
	EndGlobalSection
	GlobalSection(ProjectConfigurationPlatforms) = postSolution
		{F5D34B0B-685C-4B41-BF4B-9CB6A454B258}.Debug|Any CPU.ActiveCfg = Debug|Any CPU
		{F5D34B0B-685C-4B41-BF4B-9CB6A454B258}.Debug|Any CPU.Build.0 = Debug|Any CPU
		{F5D34B0B-685C-4B41-BF4B-9CB6A454B258}.Debug|x64.ActiveCfg = Debug|Any CPU
		{F5D34B0B-685C-4B41-BF4B-9CB6A454B258}.Debug|x64.Build.0 = Debug|Any CPU
		{F5D34B0B-685C-4B41-BF4B-9CB6A454B258}.Debug|x86.ActiveCfg = Debug|Any CPU
		{F5D34B0B-685C-4B41-BF4B-9CB6A454B258}.Debug|x86.Build.0 = Debug|Any CPU
		{F5D34B0B-685C-4B41-BF4B-9CB6A454B258}.Release|Any CPU.ActiveCfg = Release|Any CPU
		{F5D34B0B-685C-4B41-BF4B-9CB6A454B258}.Release|Any CPU.Build.0 = Release|Any CPU
		{F5D34B0B-685C-4B41-BF4B-9CB6A454B258}.Release|x64.ActiveCfg = Release|Any CPU
		{F5D34B0B-685C-4B41-BF4B-9CB6A454B258}.Release|x64.Build.0 = Release|Any CPU
		{F5D34B0B-685C-4B41-BF4B-9CB6A454B258}.Release|x86.ActiveCfg = Release|Any CPU
		{F5D34B0B-685C-4B41-BF4B-9CB6A454B258}.Release|x86.Build.0 = Release|Any CPU
		{78E9B93A-1701-4823-881C-0C59BE2F3565}.Debug|Any CPU.ActiveCfg = Debug|Any CPU
		{78E9B93A-1701-4823-881C-0C59BE2F3565}.Debug|Any CPU.Build.0 = Debug|Any CPU
		{78E9B93A-1701-4823-881C-0C59BE2F3565}.Debug|x64.ActiveCfg = Debug|Any CPU
		{78E9B93A-1701-4823-881C-0C59BE2F3565}.Debug|x64.Build.0 = Debug|Any CPU
		{78E9B93A-1701-4823-881C-0C59BE2F3565}.Debug|x86.ActiveCfg = Debug|Any CPU
		{78E9B93A-1701-4823-881C-0C59BE2F3565}.Debug|x86.Build.0 = Debug|Any CPU
		{78E9B93A-1701-4823-881C-0C59BE2F3565}.Release|Any CPU.ActiveCfg = Release|Any CPU
		{78E9B93A-1701-4823-881C-0C59BE2F3565}.Release|Any CPU.Build.0 = Release|Any CPU
		{78E9B93A-1701-4823-881C-0C59BE2F3565}.Release|x64.ActiveCfg = Release|Any CPU
		{78E9B93A-1701-4823-881C-0C59BE2F3565}.Release|x64.Build.0 = Release|Any CPU
		{78E9B93A-1701-4823-881C-0C59BE2F3565}.Release|x86.ActiveCfg = Release|Any CPU
		{78E9B93A-1701-4823-881C-0C59BE2F3565}.Release|x86.Build.0 = Release|Any CPU
		{43AD5156-16BF-4E11-AE32-8C7825C30CBB}.Debug|Any CPU.ActiveCfg = Debug|Any CPU
		{43AD5156-16BF-4E11-AE32-8C7825C30CBB}.Debug|Any CPU.Build.0 = Debug|Any CPU
		{43AD5156-16BF-4E11-AE32-8C7825C30CBB}.Debug|x64.ActiveCfg = Debug|Any CPU
		{43AD5156-16BF-4E11-AE32-8C7825C30CBB}.Debug|x64.Build.0 = Debug|Any CPU
		{43AD5156-16BF-4E11-AE32-8C7825C30CBB}.Debug|x86.ActiveCfg = Debug|Any CPU
		{43AD5156-16BF-4E11-AE32-8C7825C30CBB}.Debug|x86.Build.0 = Debug|Any CPU
		{43AD5156-16BF-4E11-AE32-8C7825C30CBB}.Release|Any CPU.ActiveCfg = Release|Any CPU
		{43AD5156-16BF-4E11-AE32-8C7825C30CBB}.Release|Any CPU.Build.0 = Release|Any CPU
		{43AD5156-16BF-4E11-AE32-8C7825C30CBB}.Release|x64.ActiveCfg = Release|Any CPU
		{43AD5156-16BF-4E11-AE32-8C7825C30CBB}.Release|x64.Build.0 = Release|Any CPU
		{43AD5156-16BF-4E11-AE32-8C7825C30CBB}.Release|x86.ActiveCfg = Release|Any CPU
		{43AD5156-16BF-4E11-AE32-8C7825C30CBB}.Release|x86.Build.0 = Release|Any CPU
		{68E60424-3458-42F8-8B5E-BE8D2F225758}.Debug|Any CPU.ActiveCfg = Debug|Any CPU
		{68E60424-3458-42F8-8B5E-BE8D2F225758}.Debug|Any CPU.Build.0 = Debug|Any CPU
		{68E60424-3458-42F8-8B5E-BE8D2F225758}.Debug|x64.ActiveCfg = Debug|Any CPU
		{68E60424-3458-42F8-8B5E-BE8D2F225758}.Debug|x64.Build.0 = Debug|Any CPU
		{68E60424-3458-42F8-8B5E-BE8D2F225758}.Debug|x86.ActiveCfg = Debug|Any CPU
		{68E60424-3458-42F8-8B5E-BE8D2F225758}.Debug|x86.Build.0 = Debug|Any CPU
		{68E60424-3458-42F8-8B5E-BE8D2F225758}.Release|Any CPU.ActiveCfg = Release|Any CPU
		{68E60424-3458-42F8-8B5E-BE8D2F225758}.Release|Any CPU.Build.0 = Release|Any CPU
		{68E60424-3458-42F8-8B5E-BE8D2F225758}.Release|x64.ActiveCfg = Release|Any CPU
		{68E60424-3458-42F8-8B5E-BE8D2F225758}.Release|x64.Build.0 = Release|Any CPU
		{68E60424-3458-42F8-8B5E-BE8D2F225758}.Release|x86.ActiveCfg = Release|Any CPU
		{68E60424-3458-42F8-8B5E-BE8D2F225758}.Release|x86.Build.0 = Release|Any CPU
		{6F57B1F6-8B95-42DF-8C62-8E29CB06C550}.Debug|Any CPU.ActiveCfg = Debug|Any CPU
		{6F57B1F6-8B95-42DF-8C62-8E29CB06C550}.Debug|Any CPU.Build.0 = Debug|Any CPU
		{6F57B1F6-8B95-42DF-8C62-8E29CB06C550}.Debug|x64.ActiveCfg = Debug|Any CPU
		{6F57B1F6-8B95-42DF-8C62-8E29CB06C550}.Debug|x64.Build.0 = Debug|Any CPU
		{6F57B1F6-8B95-42DF-8C62-8E29CB06C550}.Debug|x86.ActiveCfg = Debug|Any CPU
		{6F57B1F6-8B95-42DF-8C62-8E29CB06C550}.Debug|x86.Build.0 = Debug|Any CPU
		{6F57B1F6-8B95-42DF-8C62-8E29CB06C550}.Release|Any CPU.ActiveCfg = Release|Any CPU
		{6F57B1F6-8B95-42DF-8C62-8E29CB06C550}.Release|Any CPU.Build.0 = Release|Any CPU
		{6F57B1F6-8B95-42DF-8C62-8E29CB06C550}.Release|x64.ActiveCfg = Release|Any CPU
		{6F57B1F6-8B95-42DF-8C62-8E29CB06C550}.Release|x64.Build.0 = Release|Any CPU
		{6F57B1F6-8B95-42DF-8C62-8E29CB06C550}.Release|x86.ActiveCfg = Release|Any CPU
		{6F57B1F6-8B95-42DF-8C62-8E29CB06C550}.Release|x86.Build.0 = Release|Any CPU
		{6A858D33-A38E-4988-847C-F513754A73B9}.Debug|Any CPU.ActiveCfg = Debug|Any CPU
		{6A858D33-A38E-4988-847C-F513754A73B9}.Debug|Any CPU.Build.0 = Debug|Any CPU
		{6A858D33-A38E-4988-847C-F513754A73B9}.Debug|x64.ActiveCfg = Debug|Any CPU
		{6A858D33-A38E-4988-847C-F513754A73B9}.Debug|x64.Build.0 = Debug|Any CPU
		{6A858D33-A38E-4988-847C-F513754A73B9}.Debug|x86.ActiveCfg = Debug|Any CPU
		{6A858D33-A38E-4988-847C-F513754A73B9}.Debug|x86.Build.0 = Debug|Any CPU
		{6A858D33-A38E-4988-847C-F513754A73B9}.Release|Any CPU.ActiveCfg = Release|Any CPU
		{6A858D33-A38E-4988-847C-F513754A73B9}.Release|Any CPU.Build.0 = Release|Any CPU
		{6A858D33-A38E-4988-847C-F513754A73B9}.Release|x64.ActiveCfg = Release|Any CPU
		{6A858D33-A38E-4988-847C-F513754A73B9}.Release|x64.Build.0 = Release|Any CPU
		{6A858D33-A38E-4988-847C-F513754A73B9}.Release|x86.ActiveCfg = Release|Any CPU
		{6A858D33-A38E-4988-847C-F513754A73B9}.Release|x86.Build.0 = Release|Any CPU
		{79E0990E-4EC3-4227-923A-7F840E39C7B6}.Debug|Any CPU.ActiveCfg = Debug|Any CPU
		{79E0990E-4EC3-4227-923A-7F840E39C7B6}.Debug|Any CPU.Build.0 = Debug|Any CPU
		{79E0990E-4EC3-4227-923A-7F840E39C7B6}.Debug|x64.ActiveCfg = Debug|Any CPU
		{79E0990E-4EC3-4227-923A-7F840E39C7B6}.Debug|x64.Build.0 = Debug|Any CPU
		{79E0990E-4EC3-4227-923A-7F840E39C7B6}.Debug|x86.ActiveCfg = Debug|Any CPU
		{79E0990E-4EC3-4227-923A-7F840E39C7B6}.Debug|x86.Build.0 = Debug|Any CPU
		{79E0990E-4EC3-4227-923A-7F840E39C7B6}.Release|Any CPU.ActiveCfg = Release|Any CPU
		{79E0990E-4EC3-4227-923A-7F840E39C7B6}.Release|Any CPU.Build.0 = Release|Any CPU
		{79E0990E-4EC3-4227-923A-7F840E39C7B6}.Release|x64.ActiveCfg = Release|Any CPU
		{79E0990E-4EC3-4227-923A-7F840E39C7B6}.Release|x64.Build.0 = Release|Any CPU
		{79E0990E-4EC3-4227-923A-7F840E39C7B6}.Release|x86.ActiveCfg = Release|Any CPU
		{79E0990E-4EC3-4227-923A-7F840E39C7B6}.Release|x86.Build.0 = Release|Any CPU
		{645CB5EB-7466-4D6E-B856-B98EC7C9D58A}.Debug|Any CPU.ActiveCfg = Debug|Any CPU
		{645CB5EB-7466-4D6E-B856-B98EC7C9D58A}.Debug|Any CPU.Build.0 = Debug|Any CPU
		{645CB5EB-7466-4D6E-B856-B98EC7C9D58A}.Debug|x64.ActiveCfg = Debug|Any CPU
		{645CB5EB-7466-4D6E-B856-B98EC7C9D58A}.Debug|x64.Build.0 = Debug|Any CPU
		{645CB5EB-7466-4D6E-B856-B98EC7C9D58A}.Debug|x86.ActiveCfg = Debug|Any CPU
		{645CB5EB-7466-4D6E-B856-B98EC7C9D58A}.Debug|x86.Build.0 = Debug|Any CPU
		{645CB5EB-7466-4D6E-B856-B98EC7C9D58A}.Release|Any CPU.ActiveCfg = Release|Any CPU
		{645CB5EB-7466-4D6E-B856-B98EC7C9D58A}.Release|Any CPU.Build.0 = Release|Any CPU
		{645CB5EB-7466-4D6E-B856-B98EC7C9D58A}.Release|x64.ActiveCfg = Release|Any CPU
		{645CB5EB-7466-4D6E-B856-B98EC7C9D58A}.Release|x64.Build.0 = Release|Any CPU
		{645CB5EB-7466-4D6E-B856-B98EC7C9D58A}.Release|x86.ActiveCfg = Release|Any CPU
		{645CB5EB-7466-4D6E-B856-B98EC7C9D58A}.Release|x86.Build.0 = Release|Any CPU
		{A9348DFC-D720-4D4E-ADB5-B40EF42EF27C}.Debug|Any CPU.ActiveCfg = Debug|Any CPU
		{A9348DFC-D720-4D4E-ADB5-B40EF42EF27C}.Debug|Any CPU.Build.0 = Debug|Any CPU
		{A9348DFC-D720-4D4E-ADB5-B40EF42EF27C}.Debug|x64.ActiveCfg = Debug|Any CPU
		{A9348DFC-D720-4D4E-ADB5-B40EF42EF27C}.Debug|x64.Build.0 = Debug|Any CPU
		{A9348DFC-D720-4D4E-ADB5-B40EF42EF27C}.Debug|x86.ActiveCfg = Debug|Any CPU
		{A9348DFC-D720-4D4E-ADB5-B40EF42EF27C}.Debug|x86.Build.0 = Debug|Any CPU
		{A9348DFC-D720-4D4E-ADB5-B40EF42EF27C}.Release|Any CPU.ActiveCfg = Release|Any CPU
		{A9348DFC-D720-4D4E-ADB5-B40EF42EF27C}.Release|Any CPU.Build.0 = Release|Any CPU
		{A9348DFC-D720-4D4E-ADB5-B40EF42EF27C}.Release|x64.ActiveCfg = Release|Any CPU
		{A9348DFC-D720-4D4E-ADB5-B40EF42EF27C}.Release|x64.Build.0 = Release|Any CPU
		{A9348DFC-D720-4D4E-ADB5-B40EF42EF27C}.Release|x86.ActiveCfg = Release|Any CPU
		{A9348DFC-D720-4D4E-ADB5-B40EF42EF27C}.Release|x86.Build.0 = Release|Any CPU
		{D7B5FAE2-179D-447F-894F-AB7F97777689}.Debug|Any CPU.ActiveCfg = Debug|Any CPU
		{D7B5FAE2-179D-447F-894F-AB7F97777689}.Debug|Any CPU.Build.0 = Debug|Any CPU
		{D7B5FAE2-179D-447F-894F-AB7F97777689}.Debug|x64.ActiveCfg = Debug|Any CPU
		{D7B5FAE2-179D-447F-894F-AB7F97777689}.Debug|x64.Build.0 = Debug|Any CPU
		{D7B5FAE2-179D-447F-894F-AB7F97777689}.Debug|x86.ActiveCfg = Debug|Any CPU
		{D7B5FAE2-179D-447F-894F-AB7F97777689}.Debug|x86.Build.0 = Debug|Any CPU
		{D7B5FAE2-179D-447F-894F-AB7F97777689}.Release|Any CPU.ActiveCfg = Release|Any CPU
		{D7B5FAE2-179D-447F-894F-AB7F97777689}.Release|Any CPU.Build.0 = Release|Any CPU
		{D7B5FAE2-179D-447F-894F-AB7F97777689}.Release|x64.ActiveCfg = Release|Any CPU
		{D7B5FAE2-179D-447F-894F-AB7F97777689}.Release|x64.Build.0 = Release|Any CPU
		{D7B5FAE2-179D-447F-894F-AB7F97777689}.Release|x86.ActiveCfg = Release|Any CPU
		{D7B5FAE2-179D-447F-894F-AB7F97777689}.Release|x86.Build.0 = Release|Any CPU
		{91F188BC-E65E-4676-B876-E5DC26E6E1E9}.Debug|Any CPU.ActiveCfg = Debug|Any CPU
		{91F188BC-E65E-4676-B876-E5DC26E6E1E9}.Debug|Any CPU.Build.0 = Debug|Any CPU
		{91F188BC-E65E-4676-B876-E5DC26E6E1E9}.Debug|x64.ActiveCfg = Debug|Any CPU
		{91F188BC-E65E-4676-B876-E5DC26E6E1E9}.Debug|x64.Build.0 = Debug|Any CPU
		{91F188BC-E65E-4676-B876-E5DC26E6E1E9}.Debug|x86.ActiveCfg = Debug|Any CPU
		{91F188BC-E65E-4676-B876-E5DC26E6E1E9}.Debug|x86.Build.0 = Debug|Any CPU
		{91F188BC-E65E-4676-B876-E5DC26E6E1E9}.Release|Any CPU.ActiveCfg = Release|Any CPU
		{91F188BC-E65E-4676-B876-E5DC26E6E1E9}.Release|Any CPU.Build.0 = Release|Any CPU
		{91F188BC-E65E-4676-B876-E5DC26E6E1E9}.Release|x64.ActiveCfg = Release|Any CPU
		{91F188BC-E65E-4676-B876-E5DC26E6E1E9}.Release|x64.Build.0 = Release|Any CPU
		{91F188BC-E65E-4676-B876-E5DC26E6E1E9}.Release|x86.ActiveCfg = Release|Any CPU
		{91F188BC-E65E-4676-B876-E5DC26E6E1E9}.Release|x86.Build.0 = Release|Any CPU
		{4FA3F536-765B-4437-80CE-17326D9B0812}.Debug|Any CPU.ActiveCfg = Debug|Any CPU
		{4FA3F536-765B-4437-80CE-17326D9B0812}.Debug|Any CPU.Build.0 = Debug|Any CPU
		{4FA3F536-765B-4437-80CE-17326D9B0812}.Debug|x64.ActiveCfg = Debug|Any CPU
		{4FA3F536-765B-4437-80CE-17326D9B0812}.Debug|x64.Build.0 = Debug|Any CPU
		{4FA3F536-765B-4437-80CE-17326D9B0812}.Debug|x86.ActiveCfg = Debug|Any CPU
		{4FA3F536-765B-4437-80CE-17326D9B0812}.Debug|x86.Build.0 = Debug|Any CPU
		{4FA3F536-765B-4437-80CE-17326D9B0812}.Release|Any CPU.ActiveCfg = Release|Any CPU
		{4FA3F536-765B-4437-80CE-17326D9B0812}.Release|Any CPU.Build.0 = Release|Any CPU
		{4FA3F536-765B-4437-80CE-17326D9B0812}.Release|x64.ActiveCfg = Release|Any CPU
		{4FA3F536-765B-4437-80CE-17326D9B0812}.Release|x64.Build.0 = Release|Any CPU
		{4FA3F536-765B-4437-80CE-17326D9B0812}.Release|x86.ActiveCfg = Release|Any CPU
		{4FA3F536-765B-4437-80CE-17326D9B0812}.Release|x86.Build.0 = Release|Any CPU
		{D405AB56-F7BA-491F-9ECE-502C9800E9EC}.Debug|Any CPU.ActiveCfg = Debug|Any CPU
		{D405AB56-F7BA-491F-9ECE-502C9800E9EC}.Debug|Any CPU.Build.0 = Debug|Any CPU
		{D405AB56-F7BA-491F-9ECE-502C9800E9EC}.Debug|x64.ActiveCfg = Debug|Any CPU
		{D405AB56-F7BA-491F-9ECE-502C9800E9EC}.Debug|x64.Build.0 = Debug|Any CPU
		{D405AB56-F7BA-491F-9ECE-502C9800E9EC}.Debug|x86.ActiveCfg = Debug|Any CPU
		{D405AB56-F7BA-491F-9ECE-502C9800E9EC}.Debug|x86.Build.0 = Debug|Any CPU
		{D405AB56-F7BA-491F-9ECE-502C9800E9EC}.Release|Any CPU.ActiveCfg = Release|Any CPU
		{D405AB56-F7BA-491F-9ECE-502C9800E9EC}.Release|Any CPU.Build.0 = Release|Any CPU
		{D405AB56-F7BA-491F-9ECE-502C9800E9EC}.Release|x64.ActiveCfg = Release|Any CPU
		{D405AB56-F7BA-491F-9ECE-502C9800E9EC}.Release|x64.Build.0 = Release|Any CPU
		{D405AB56-F7BA-491F-9ECE-502C9800E9EC}.Release|x86.ActiveCfg = Release|Any CPU
		{D405AB56-F7BA-491F-9ECE-502C9800E9EC}.Release|x86.Build.0 = Release|Any CPU
		{D46A35D4-B555-4486-AE0D-2F7228A482AD}.Debug|Any CPU.ActiveCfg = Debug|Any CPU
		{D46A35D4-B555-4486-AE0D-2F7228A482AD}.Debug|Any CPU.Build.0 = Debug|Any CPU
		{D46A35D4-B555-4486-AE0D-2F7228A482AD}.Debug|x64.ActiveCfg = Debug|Any CPU
		{D46A35D4-B555-4486-AE0D-2F7228A482AD}.Debug|x64.Build.0 = Debug|Any CPU
		{D46A35D4-B555-4486-AE0D-2F7228A482AD}.Debug|x86.ActiveCfg = Debug|Any CPU
		{D46A35D4-B555-4486-AE0D-2F7228A482AD}.Debug|x86.Build.0 = Debug|Any CPU
		{D46A35D4-B555-4486-AE0D-2F7228A482AD}.Release|Any CPU.ActiveCfg = Release|Any CPU
		{D46A35D4-B555-4486-AE0D-2F7228A482AD}.Release|Any CPU.Build.0 = Release|Any CPU
		{D46A35D4-B555-4486-AE0D-2F7228A482AD}.Release|x64.ActiveCfg = Release|Any CPU
		{D46A35D4-B555-4486-AE0D-2F7228A482AD}.Release|x64.Build.0 = Release|Any CPU
		{D46A35D4-B555-4486-AE0D-2F7228A482AD}.Release|x86.ActiveCfg = Release|Any CPU
		{D46A35D4-B555-4486-AE0D-2F7228A482AD}.Release|x86.Build.0 = Release|Any CPU
	EndGlobalSection
	GlobalSection(SolutionProperties) = preSolution
		HideSolutionNode = FALSE
	EndGlobalSection
	GlobalSection(NestedProjects) = preSolution
		{78E9B93A-1701-4823-881C-0C59BE2F3565} = {11335216-C013-42B0-98E4-C62F121F2182}
		{68E60424-3458-42F8-8B5E-BE8D2F225758} = {11335216-C013-42B0-98E4-C62F121F2182}
		{6F57B1F6-8B95-42DF-8C62-8E29CB06C550} = {0C960153-EFE1-4737-92FE-5E91A47393C5}
		{6A858D33-A38E-4988-847C-F513754A73B9} = {0C960153-EFE1-4737-92FE-5E91A47393C5}
		{6FCFBA11-EBCF-4D89-A60F-F7091E2FD731} = {1AD55C0B-FB12-4353-A997-A7BFF8C7D5F5}
		{43AD5156-16BF-4E11-AE32-8C7825C30CBB} = {6FCFBA11-EBCF-4D89-A60F-F7091E2FD731}
		{79E0990E-4EC3-4227-923A-7F840E39C7B6} = {6FCFBA11-EBCF-4D89-A60F-F7091E2FD731}
		{645CB5EB-7466-4D6E-B856-B98EC7C9D58A} = {6FCFBA11-EBCF-4D89-A60F-F7091E2FD731}
		{A9348DFC-D720-4D4E-ADB5-B40EF42EF27C} = {6FCFBA11-EBCF-4D89-A60F-F7091E2FD731}
		{D7B5FAE2-179D-447F-894F-AB7F97777689} = {1AD55C0B-FB12-4353-A997-A7BFF8C7D5F5}
		{18172F37-8055-4209-BCB5-C71ED48CA0B5} = {1AD55C0B-FB12-4353-A997-A7BFF8C7D5F5}
		{F5D34B0B-685C-4B41-BF4B-9CB6A454B258} = {18172F37-8055-4209-BCB5-C71ED48CA0B5}
		{91F188BC-E65E-4676-B876-E5DC26E6E1E9} = {18172F37-8055-4209-BCB5-C71ED48CA0B5}
		{4FA3F536-765B-4437-80CE-17326D9B0812} = {18172F37-8055-4209-BCB5-C71ED48CA0B5}
		{D405AB56-F7BA-491F-9ECE-502C9800E9EC} = {18172F37-8055-4209-BCB5-C71ED48CA0B5}
		{D46A35D4-B555-4486-AE0D-2F7228A482AD} = {18172F37-8055-4209-BCB5-C71ED48CA0B5}
	EndGlobalSection
EndGlobal
